
Microsoft Visual Studio Solution File, Format Version 12.00
# Visual Studio Version 17
VisualStudioVersion = 17.5.002.0
MinimumVisualStudioVersion = 10.0.40219.1
Project("{9A19103F-16F7-4668-BE54-9A1E7A4F7556}") = "Tarea7", "Tarea7.csproj", "{20F2B4B9-3921-49AB-B7CC-935EB32519C5}"
EndProject
Global
	GlobalSection(SolutionConfigurationPlatforms) = preSolution
		Debug|Any CPU = Debug|Any CPU
		Release|Any CPU = Release|Any CPU
	EndGlobalSection
	GlobalSection(ProjectConfigurationPlatforms) = postSolution
		{20F2B4B9-3921-49AB-B7CC-935EB32519C5}.Debug|Any CPU.ActiveCfg = Debug|Any CPU
		{20F2B4B9-3921-49AB-B7CC-935EB32519C5}.Debug|Any CPU.Build.0 = Debug|Any CPU
		{20F2B4B9-3921-49AB-B7CC-935EB32519C5}.Release|Any CPU.ActiveCfg = Release|Any CPU
		{20F2B4B9-3921-49AB-B7CC-935EB32519C5}.Release|Any CPU.Build.0 = Release|Any CPU
	EndGlobalSection
	GlobalSection(SolutionProperties) = preSolution
		HideSolutionNode = FALSE
	EndGlobalSection
	GlobalSection(ExtensibilityGlobals) = postSolution
		SolutionGuid = {7DA19544-CC1A-4EC2-BCF0-77545F3D5F53}
	EndGlobalSection
EndGlobal
